
Microsoft Visual Studio Solution File, Format Version 12.00
# Visual Studio Version 17
VisualStudioVersion = 17.14.36623.8
MinimumVisualStudioVersion = 10.0.40219.1
Project("{FAE04EC0-301F-11D3-BF4B-00C04F79EFBC}") = "Tyuiu.KislayaVA.Sprint7.Project.V4", "Tyuiu.KislayaVA.Sprint7.Project.V4\Tyuiu.KislayaVA.Sprint7.Project.V4.csproj", "{A8FFA174-F2AA-49A2-8D16-7F2247BA9B71}"
EndProject
Global
	GlobalSection(SolutionConfigurationPlatforms) = preSolution
		Debug|Any CPU = Debug|Any CPU
		Release|Any CPU = Release|Any CPU
	EndGlobalSection
	GlobalSection(ProjectConfigurationPlatforms) = postSolution
		{A8FFA174-F2AA-49A2-8D16-7F2247BA9B71}.Debug|Any CPU.ActiveCfg = Debug|Any CPU
		{A8FFA174-F2AA-49A2-8D16-7F2247BA9B71}.Debug|Any CPU.Build.0 = Debug|Any CPU
		{A8FFA174-F2AA-49A2-8D16-7F2247BA9B71}.Release|Any CPU.ActiveCfg = Release|Any CPU
		{A8FFA174-F2AA-49A2-8D16-7F2247BA9B71}.Release|Any CPU.Build.0 = Release|Any CPU
	EndGlobalSection
	GlobalSection(SolutionProperties) = preSolution
		HideSolutionNode = FALSE
	EndGlobalSection
	GlobalSection(ExtensibilityGlobals) = postSolution
		SolutionGuid = {6B7224FE-AEC7-436B-A2FF-B72756D6992C}
	EndGlobalSection
EndGlobal
